
Microsoft Visual Studio Solution File, Format Version 12.00
# Visual Studio Version 16
VisualStudioVersion = 16.0.31321.278
MinimumVisualStudioVersion = 10.0.40219.1
Project("{2150E333-8FDC-42A3-9474-1A3956D46DE8}") = "Client", "Client", "{F5C0A51B-268E-45EA-A357-8CE17A0DA8CE}"
EndProject
Project("{2150E333-8FDC-42A3-9474-1A3956D46DE8}") = "Headers", "Headers", "{62F9BEBF-81A3-4960-AC68-CD143736D227}"
	ProjectSection(SolutionItems) = preProject
		Headers\Defines.h = Headers\Defines.h
		Headers\Enum.h = Headers\Enum.h
		Headers\Function.h = Headers\Function.h
		Headers\Struct.h = Headers\Struct.h
		Headers\Typedef.h = Headers\Typedef.h
	EndProjectSection
EndProject
Project("{8BC9CEB8-8B4A-11D0-8D11-00A0C91BC942}") = "Client", "Client\Client.vcxproj", "{BBF07F86-4C2A-496A-8E18-F2673F391D55}"
EndProject
Global
	GlobalSection(SolutionConfigurationPlatforms) = preSolution
		Debug|x64 = Debug|x64
		Debug|x86 = Debug|x86
		Release|x64 = Release|x64
		Release|x86 = Release|x86
	EndGlobalSection
	GlobalSection(ProjectConfigurationPlatforms) = postSolution
		{BBF07F86-4C2A-496A-8E18-F2673F391D55}.Debug|x64.ActiveCfg = Debug|x64
		{BBF07F86-4C2A-496A-8E18-F2673F391D55}.Debug|x64.Build.0 = Debug|x64
		{BBF07F86-4C2A-496A-8E18-F2673F391D55}.Debug|x86.ActiveCfg = Debug|Win32
		{BBF07F86-4C2A-496A-8E18-F2673F391D55}.Debug|x86.Build.0 = Debug|Win32
		{BBF07F86-4C2A-496A-8E18-F2673F391D55}.Release|x64.ActiveCfg = Release|x64
		{BBF07F86-4C2A-496A-8E18-F2673F391D55}.Release|x64.Build.0 = Release|x64
		{BBF07F86-4C2A-496A-8E18-F2673F391D55}.Release|x86.ActiveCfg = Release|Win32
		{BBF07F86-4C2A-496A-8E18-F2673F391D55}.Release|x86.Build.0 = Release|Win32
	EndGlobalSection
	GlobalSection(SolutionProperties) = preSolution
		HideSolutionNode = FALSE
	EndGlobalSection
	GlobalSection(NestedProjects) = preSolution
		{BBF07F86-4C2A-496A-8E18-F2673F391D55} = {F5C0A51B-268E-45EA-A357-8CE17A0DA8CE}
	EndGlobalSection
	GlobalSection(ExtensibilityGlobals) = postSolution
		SolutionGuid = {6EFB7765-EEEE-41C3-A535-681618552F15}
	EndGlobalSection
EndGlobal
