<?xml version="1.0" encoding="utf-8"?>
<Project ToolsVersion="4.0" xmlns="http://schemas.microsoft.com/developer/msbuild/2003">
  <ItemGroup>
    <Filter Include="99 Default">
      <UniqueIdentifier>{5bcab89b-967d-4815-8fb5-c46f4dbc0817}</UniqueIdentifier>
    </Filter>
    <Filter Include="99 Default\Resources">
      <UniqueIdentifier>{94bede73-75fe-4e58-bbc9-bbce22a08bef}</UniqueIdentifier>
    </Filter>
    <Filter Include="01 GameObj">
      <UniqueIdentifier>{4c5fca4b-0362-4941-8db1-58505c81693c}</UniqueIdentifier>
    </Filter>
    <Filter Include="02 Component">
      <UniqueIdentifier>{8cad7dd3-eb72-4996-9d30-94fb6cf1138c}</UniqueIdentifier>
    </Filter>
    <Filter Include="03 Scene">
      <UniqueIdentifier>{c662914f-8474-4c40-b41d-1c3c7033bdfe}</UniqueIdentifier>
    </Filter>
    <Filter Include="98 System">
      <UniqueIdentifier>{70c926bc-6cea-44db-94a3-3f9414fab469}</UniqueIdentifier>
    </Filter>
    <Filter Include="98 System\00 GraphicDevice">
      <UniqueIdentifier>{497e3cf4-0862-46cd-8bba-122cb1b64544}</UniqueIdentifier>
    </Filter>
    <Filter Include="98 System\01 InputDevice">
      <UniqueIdentifier>{1f458869-09f0-4d33-a2b1-5923ee580e7d}</UniqueIdentifier>
    </Filter>
    <Filter Include="98 System\02 FrameManager">
      <UniqueIdentifier>{e8170922-08fd-4694-9345-6187ecd9eefe}</UniqueIdentifier>
    </Filter>
    <Filter Include="01 GameObj\00 Player">
      <UniqueIdentifier>{1fddb379-867e-4c0b-a1ec-817570ff31ce}</UniqueIdentifier>
    </Filter>
    <Filter Include="01 GameObj\99 Terrain">
      <UniqueIdentifier>{11bc0220-7559-47f6-bff7-43dada93abae}</UniqueIdentifier>
    </Filter>
    <Filter Include="03 Scene\00 Logo">
      <UniqueIdentifier>{dabb4ed1-86f8-4e0a-84e8-2dccee227c92}</UniqueIdentifier>
    </Filter>
    <Filter Include="03 Scene\01 Stage">
      <UniqueIdentifier>{8cf6b7d1-1f72-4c67-9f4b-7f8c3ae3c01e}</UniqueIdentifier>
    </Filter>
    <Filter Include="01 GameObj\98 SkyBox">
      <UniqueIdentifier>{2f9d80fd-fc1d-46b7-bc08-08287b183e92}</UniqueIdentifier>
    </Filter>
    <Filter Include="01 GameObj\97 Camera">
      <UniqueIdentifier>{fcacab27-d609-40db-80ab-d801078f8690}</UniqueIdentifier>
    </Filter>
    <Filter Include="00 MainGame">
      <UniqueIdentifier>{bc1eded1-fdfa-4f4d-afe9-0951971e0f9f}</UniqueIdentifier>
    </Filter>
    <Filter Include="98 System\99 GameManager">
      <UniqueIdentifier>{d6ab436c-6736-404f-b8cd-d166dd056de3}</UniqueIdentifier>
    </Filter>
    <Filter Include="97 Rendering">
      <UniqueIdentifier>{c0df01ca-7fac-4bc3-a65c-c7aff7f3049e}</UniqueIdentifier>
    </Filter>
    <Filter Include="97 Rendering\00 ShaderManager">
      <UniqueIdentifier>{d4c8b592-6bd5-4108-8e88-108516eca707}</UniqueIdentifier>
    </Filter>
    <Filter Include="97 Rendering\01 LightManager">
      <UniqueIdentifier>{3f62b2e5-d697-46a1-b11c-f32ba3cc2b77}</UniqueIdentifier>
    </Filter>
    <Filter Include="97 Rendering\01 LightManager\DirectionalLight">
      <UniqueIdentifier>{9e9e9589-0559-4baa-afea-6ee4d979ff5b}</UniqueIdentifier>
    </Filter>
    <Filter Include="97 Rendering\01 LightManager\PointLight">
      <UniqueIdentifier>{3553dd53-4a51-472b-91e6-4d974efe083d}</UniqueIdentifier>
    </Filter>
    <Filter Include="97 Rendering\02 TextureLoader">
      <UniqueIdentifier>{06b3f58a-f9b3-498b-bbff-5a8886659587}</UniqueIdentifier>
    </Filter>
    <Filter Include="02 Component\01 Transform">
      <UniqueIdentifier>{2a2ba331-3cb3-44d5-854f-31fa6a535a5b}</UniqueIdentifier>
    </Filter>
    <Filter Include="02 Component\00 StaticMesh">
      <UniqueIdentifier>{99df323d-9cb9-4df7-8d81-d91c54d5fbf3}</UniqueIdentifier>
    </Filter>
    <Filter Include="02 Component\00 StaticMesh\SubMesh">
      <UniqueIdentifier>{087ad02b-aa19-477f-a9a4-c76c2cd3dd3a}</UniqueIdentifier>
    </Filter>
    <Filter Include="02 Component\00 StaticMesh\Material">
      <UniqueIdentifier>{ac0e27fb-ce99-4df8-b8c9-77553bdf830c}</UniqueIdentifier>
    </Filter>
  </ItemGroup>
  <ItemGroup>
    <ClInclude Include="Client.h">
      <Filter>99 Default\Resources</Filter>
    </ClInclude>
    <ClInclude Include="targetver.h">
      <Filter>99 Default\Resources</Filter>
    </ClInclude>
    <ClInclude Include="Resource.h">
      <Filter>99 Default\Resources</Filter>
    </ClInclude>
    <ClInclude Include="framework.h">
      <Filter>99 Default</Filter>
    </ClInclude>
    <ClInclude Include="MainGame.h">
      <Filter>00 MainGame</Filter>
    </ClInclude>
    <ClInclude Include="FrameMgr.h">
      <Filter>98 System\02 FrameManager</Filter>
    </ClInclude>
    <ClInclude Include="InputMgr.h">
      <Filter>98 System\01 InputDevice</Filter>
    </ClInclude>
    <ClInclude Include="Obj.h">
      <Filter>01 GameObj</Filter>
    </ClInclude>
    <ClInclude Include="Component.h">
      <Filter>02 Component</Filter>
    </ClInclude>
    <ClInclude Include="DeviceMgr.h">
      <Filter>98 System\00 GraphicDevice</Filter>
    </ClInclude>
    <ClInclude Include="CShaderMgr.h">
      <Filter>97 Rendering\00 ShaderManager</Filter>
    </ClInclude>
    <ClInclude Include="Camera.h">
      <Filter>01 GameObj\97 Camera</Filter>
    </ClInclude>
    <ClInclude Include="Transform.h">
      <Filter>02 Component\01 Transform</Filter>
    </ClInclude>
    <ClInclude Include="Player.h">
      <Filter>01 GameObj\00 Player</Filter>
    </ClInclude>
    <ClInclude Include="Scene.h">
      <Filter>03 Scene</Filter>
    </ClInclude>
    <ClInclude Include="GameMgr.h">
      <Filter>98 System\99 GameManager</Filter>
    </ClInclude>
    <ClInclude Include="Scene_Logo.h">
      <Filter>03 Scene\00 Logo</Filter>
    </ClInclude>
    <ClInclude Include="Scene_Stage.h">
      <Filter>03 Scene\01 Stage</Filter>
    </ClInclude>
    <ClInclude Include="DDSTextureLoader.h">
      <Filter>97 Rendering\02 TextureLoader</Filter>
    </ClInclude>
    <ClInclude Include="SubMesh.h">
      <Filter>02 Component\00 StaticMesh\SubMesh</Filter>
    </ClInclude>
    <ClInclude Include="StaticMesh.h">
      <Filter>02 Component\00 StaticMesh</Filter>
    </ClInclude>
    <ClInclude Include="Material.h">
      <Filter>02 Component\00 StaticMesh\Material</Filter>
    </ClInclude>
    <ClInclude Include="UploadBuffer.h">
      <Filter>97 Rendering\00 ShaderManager</Filter>
    </ClInclude>
  </ItemGroup>
  <ItemGroup>
    <Image Include="Client.ico">
      <Filter>99 Default\Resources</Filter>
    </Image>
    <Image Include="small.ico">
      <Filter>99 Default\Resources</Filter>
    </Image>
  </ItemGroup>
  <ItemGroup>
    <ResourceCompile Include="Client.rc">
      <Filter>99 Default\Resources</Filter>
    </ResourceCompile>
  </ItemGroup>
  <ItemGroup>
    <ClCompile Include="Client.cpp">
      <Filter>99 Default</Filter>
    </ClCompile>
    <ClCompile Include="MainGame.cpp">
      <Filter>00 MainGame</Filter>
    </ClCompile>
    <ClCompile Include="FrameMgr.cpp">
      <Filter>98 System\02 FrameManager</Filter>
    </ClCompile>
    <ClCompile Include="InputMgr.cpp">
      <Filter>98 System\01 InputDevice</Filter>
    </ClCompile>
    <ClCompile Include="Obj.cpp">
      <Filter>01 GameObj</Filter>
    </ClCompile>
    <ClCompile Include="Component.cpp">
      <Filter>02 Component</Filter>
    </ClCompile>
    <ClCompile Include="DeviceMgr.cpp">
      <Filter>98 System\00 GraphicDevice</Filter>
    </ClCompile>
    <ClCompile Include="CShaderMgr.cpp">
      <Filter>97 Rendering\00 ShaderManager</Filter>
    </ClCompile>
    <ClCompile Include="Camera.cpp">
      <Filter>01 GameObj\97 Camera</Filter>
    </ClCompile>
    <ClCompile Include="Transform.cpp">
      <Filter>02 Component\01 Transform</Filter>
    </ClCompile>
    <ClCompile Include="Player.cpp">
      <Filter>01 GameObj\00 Player</Filter>
    </ClCompile>
    <ClCompile Include="Scene.cpp">
      <Filter>03 Scene</Filter>
    </ClCompile>
    <ClCompile Include="GameMgr.cpp">
      <Filter>98 System\99 GameManager</Filter>
    </ClCompile>
    <ClCompile Include="Scene_Logo.cpp">
      <Filter>03 Scene\00 Logo</Filter>
    </ClCompile>
    <ClCompile Include="Scene_Stage.cpp">
      <Filter>03 Scene\01 Stage</Filter>
    </ClCompile>
    <ClCompile Include="DDSTextureLoader.cpp">
      <Filter>97 Rendering\02 TextureLoader</Filter>
    </ClCompile>
    <ClCompile Include="SubMesh.cpp">
      <Filter>02 Component\00 StaticMesh\SubMesh</Filter>
    </ClCompile>
    <ClCompile Include="StaticMesh.cpp">
      <Filter>02 Component\00 StaticMesh</Filter>
    </ClCompile>
    <ClCompile Include="Material.cpp">
      <Filter>02 Component\00 StaticMesh\Material</Filter>
    </ClCompile>
  </ItemGroup>
</Project>