<?xml version="1.0" encoding="utf-8"?>
<Project ToolsVersion="4.0" xmlns="http://schemas.microsoft.com/developer/msbuild/2003">
  <ItemGroup>
    <Filter Include="99 Default">
      <UniqueIdentifier>{d1efdf6a-8951-41e2-bccf-379221ce5687}</UniqueIdentifier>
    </Filter>
    <Filter Include="00 MainGame">
      <UniqueIdentifier>{5d68ab01-1273-40f0-aab3-c6980325d93a}</UniqueIdentifier>
    </Filter>
    <Filter Include="01 Obj">
      <UniqueIdentifier>{d45fb5d7-c99c-4602-bb4c-4b74b91469da}</UniqueIdentifier>
    </Filter>
    <Filter Include="02 Component">
      <UniqueIdentifier>{ba3bab9e-7f7c-4b3f-83b4-fd93ff4353c8}</UniqueIdentifier>
    </Filter>
    <Filter Include="03 Scene">
      <UniqueIdentifier>{7fa37c3d-8930-4bb8-851b-d30925808c7d}</UniqueIdentifier>
    </Filter>
    <Filter Include="99 Default\Resources">
      <UniqueIdentifier>{ccc97386-0945-4107-b96e-14ab6bed9eba}</UniqueIdentifier>
    </Filter>
    <Filter Include="98 Managers">
      <UniqueIdentifier>{aec14b6e-8896-45ff-b333-b4914ba830cc}</UniqueIdentifier>
    </Filter>
    <Filter Include="98 Managers\00 DeviceMgr">
      <UniqueIdentifier>{1134ada6-d165-483d-b8b6-a0d1aa5d1607}</UniqueIdentifier>
    </Filter>
    <Filter Include="98 Managers\01 TimeMgr">
      <UniqueIdentifier>{d1fde658-4b7a-4e9f-9993-3693d137ebe6}</UniqueIdentifier>
    </Filter>
    <Filter Include="98 Managers\02 InputMgr">
      <UniqueIdentifier>{fd863290-2042-4b75-b36e-d18a1ad916f4}</UniqueIdentifier>
    </Filter>
    <Filter Include="98 Managers\99 RenderMgr">
      <UniqueIdentifier>{9e873d62-545e-4936-b2ca-501c0c6aab72}</UniqueIdentifier>
    </Filter>
    <Filter Include="98 Managers\98 GameMgr">
      <UniqueIdentifier>{d60faa03-2146-41d6-b4f6-06fb68926bcc}</UniqueIdentifier>
    </Filter>
    <Filter Include="98 Managers\03 ShaderMgr">
      <UniqueIdentifier>{68174b6a-8ef9-4610-b12c-e8ab5334b908}</UniqueIdentifier>
    </Filter>
    <Filter Include="01 Obj\00 Player">
      <UniqueIdentifier>{e95f4820-92cc-4e6e-970e-c767783b5f1b}</UniqueIdentifier>
    </Filter>
    <Filter Include="02 Component\00 Mesh">
      <UniqueIdentifier>{b9ebad7c-c4eb-4967-b714-8d904cba7bdd}</UniqueIdentifier>
    </Filter>
    <Filter Include="02 Component\01 Texture">
      <UniqueIdentifier>{8896f42e-7263-4aa1-93d2-987f0ba8e6dd}</UniqueIdentifier>
    </Filter>
    <Filter Include="01 Obj\99 Camera">
      <UniqueIdentifier>{3b204973-18c8-4b59-aa83-0d7e8994c9b3}</UniqueIdentifier>
    </Filter>
    <Filter Include="01 Obj\01 Terrain">
      <UniqueIdentifier>{9bc9e0f5-72fd-47ef-a764-12c3ae34237b}</UniqueIdentifier>
    </Filter>
    <Filter Include="02 Component\02 Shader">
      <UniqueIdentifier>{9d532137-e469-48d4-a57f-24cfefaf5fb0}</UniqueIdentifier>
    </Filter>
  </ItemGroup>
  <ItemGroup>
    <Image Include="Client.ico">
      <Filter>99 Default\Resources</Filter>
    </Image>
    <Image Include="small.ico">
      <Filter>99 Default\Resources</Filter>
    </Image>
  </ItemGroup>
  <ItemGroup>
    <ClInclude Include="framework.h">
      <Filter>99 Default</Filter>
    </ClInclude>
    <ClInclude Include="Client.h">
      <Filter>99 Default\Resources</Filter>
    </ClInclude>
    <ClInclude Include="Resource.h">
      <Filter>99 Default\Resources</Filter>
    </ClInclude>
    <ClInclude Include="targetver.h">
      <Filter>99 Default\Resources</Filter>
    </ClInclude>
    <ClInclude Include="MainGame.h">
      <Filter>00 MainGame</Filter>
    </ClInclude>
    <ClInclude Include="DeviceMgr.h">
      <Filter>98 Managers\00 DeviceMgr</Filter>
    </ClInclude>
    <ClInclude Include="InputMgr.h">
      <Filter>98 Managers\02 InputMgr</Filter>
    </ClInclude>
    <ClInclude Include="GameMgr.h">
      <Filter>98 Managers\98 GameMgr</Filter>
    </ClInclude>
    <ClInclude Include="RenderMgr.h">
      <Filter>98 Managers\99 RenderMgr</Filter>
    </ClInclude>
    <ClInclude Include="TimeMgr.h">
      <Filter>98 Managers\01 TimeMgr</Filter>
    </ClInclude>
    <ClInclude Include="Player.h">
      <Filter>01 Obj\00 Player</Filter>
    </ClInclude>
    <ClInclude Include="Obj.h">
      <Filter>01 Obj</Filter>
    </ClInclude>
    <ClInclude Include="Component.h">
      <Filter>02 Component</Filter>
    </ClInclude>
    <ClInclude Include="ShaderMgr.h">
      <Filter>98 Managers\03 ShaderMgr</Filter>
    </ClInclude>
  </ItemGroup>
  <ItemGroup>
    <ClCompile Include="Client.cpp">
      <Filter>99 Default</Filter>
    </ClCompile>
    <ClCompile Include="MainGame.cpp">
      <Filter>00 MainGame</Filter>
    </ClCompile>
    <ClCompile Include="DeviceMgr.cpp">
      <Filter>98 Managers\00 DeviceMgr</Filter>
    </ClCompile>
    <ClCompile Include="InputMgr.cpp">
      <Filter>98 Managers\02 InputMgr</Filter>
    </ClCompile>
    <ClCompile Include="GameMgr.cpp">
      <Filter>98 Managers\98 GameMgr</Filter>
    </ClCompile>
    <ClCompile Include="RenderMgr.cpp">
      <Filter>98 Managers\99 RenderMgr</Filter>
    </ClCompile>
    <ClCompile Include="TimeMgr.cpp">
      <Filter>98 Managers\01 TimeMgr</Filter>
    </ClCompile>
    <ClCompile Include="Player.cpp">
      <Filter>01 Obj\00 Player</Filter>
    </ClCompile>
    <ClCompile Include="Obj.cpp">
      <Filter>01 Obj</Filter>
    </ClCompile>
    <ClCompile Include="Component.cpp">
      <Filter>02 Component</Filter>
    </ClCompile>
    <ClCompile Include="ShaderMgr.cpp">
      <Filter>98 Managers\03 ShaderMgr</Filter>
    </ClCompile>
  </ItemGroup>
  <ItemGroup>
    <ResourceCompile Include="Client.rc">
      <Filter>99 Default\Resources</Filter>
    </ResourceCompile>
  </ItemGroup>
</Project>